{
  "lockfileVersion": 1,
  "configVersion": 1,
  "workspaces": {
    "": {
      "dependencies": {
        "nitro": "^3.0.260415-beta",
        "serialport": "^13.0.0",
      },
    },
  },
  "packages": {
    "@emnapi/core": ["@emnapi/core@1.10.0", "", { "dependencies": { "@emnapi/wasi-threads": "1.2.1", "tslib": "^2.4.0" } }, "sha512-yq6OkJ4p82CAfPl0u9mQebQHKPJkY7WrIuk205cTYnYe+k2Z8YBh11FrbRG/H6ihirqcacOgl2BIO8oyMQLeXw=="],

    "@emnapi/runtime": ["@emnapi/runtime@1.10.0", "", { "dependencies": { "tslib": "^2.4.0" } }, "sha512-ewvYlk86xUoGI0zQRNq/mC+16R1QeDlKQy21Ki3oSYXNgLb45GV1P6A0M+/s6nyCuNDqe5VpaY84BzXGwVbwFA=="],

    "@emnapi/wasi-threads": ["@emnapi/wasi-threads@1.2.1", "", { "dependencies": { "tslib": "^2.4.0" } }, "sha512-uTII7OYF+/Mes/MrcIOYp5yOtSMLBWSIoLPpcgwipoiKbli6k322tcoFsxoIIxPDqW01SQGAgko4EzZi2BNv2w=="],

    "@napi-rs/wasm-runtime": ["@napi-rs/wasm-runtime@1.1.4", "", { "dependencies": { "@tybys/wasm-util": "^0.10.1" }, "peerDependencies": { "@emnapi/core": "^1.7.1", "@emnapi/runtime": "^1.7.1" } }, "sha512-3NQNNgA1YSlJb/kMH1ildASP9HW7/7kYnRI2szWJaofaS1hWmbGI4H+d3+22aGzXXN9IJ+n+GiFVcGipJP18ow=="],

    "@oxc-project/types": ["@oxc-project/types@0.127.0", "", {}, "sha512-aIYXQBo4lCbO4z0R3FHeucQHpF46l2LbMdxRvqvuRuW2OxdnSkcng5B8+K12spgLDj93rtN3+J2Vac/TIO+ciQ=="],

    "@rolldown/binding-android-arm64": ["@rolldown/binding-android-arm64@1.0.0-rc.17", "", { "os": "android", "cpu": "arm64" }, "sha512-s70pVGhw4zqGeFnXWvAzJDlvxhlRollagdCCKRgOsgUOH3N1l0LIxf83AtGzmb5SiVM4Hjl5HyarMRfdfj3DaQ=="],

    "@rolldown/binding-darwin-arm64": ["@rolldown/binding-darwin-arm64@1.0.0-rc.17", "", { "os": "darwin", "cpu": "arm64" }, "sha512-4ksWc9n0mhlZpZ9PMZgTGjeOPRu8MB1Z3Tz0Mo02eWfWCHMW1zN82Qz/pL/rC+yQa+8ZnutMF0JjJe7PjwasYw=="],

    "@rolldown/binding-darwin-x64": ["@rolldown/binding-darwin-x64@1.0.0-rc.17", "", { "os": "darwin", "cpu": "x64" }, "sha512-SUSDOI6WwUVNcWxd02QEBjLdY1VPHvlEkw6T/8nYG322iYWCTxRb1vzk4E+mWWYehTp7ERibq54LSJGjmouOsw=="],

    "@rolldown/binding-freebsd-x64": ["@rolldown/binding-freebsd-x64@1.0.0-rc.17", "", { "os": "freebsd", "cpu": "x64" }, "sha512-hwnz3nw9dbJ05EDO/PvcjaaewqqDy7Y1rn1UO81l8iIK1GjenME75dl16ajbvSSMfv66WXSRCYKIqfgq2KCfxw=="],

    "@rolldown/binding-linux-arm-gnueabihf": ["@rolldown/binding-linux-arm-gnueabihf@1.0.0-rc.17", "", { "os": "linux", "cpu": "arm" }, "sha512-IS+W7epTcwANmFSQFrS1SivEXHtl1JtuQA9wlxrZTcNi6mx+FDOYrakGevvvTwgj2JvWiK8B29/qD9BELZPyXQ=="],

    "@rolldown/binding-linux-arm64-gnu": ["@rolldown/binding-linux-arm64-gnu@1.0.0-rc.17", "", { "os": "linux", "cpu": "arm64" }, "sha512-e6usGaHKW5BMNZOymS1UcEYGowQMWcgZ71Z17Sl/h2+ZziNJ1a9n3Zvcz6LdRyIW5572wBCTH/Z+bKuZouGk9Q=="],

    "@rolldown/binding-linux-arm64-musl": ["@rolldown/binding-linux-arm64-musl@1.0.0-rc.17", "", { "os": "linux", "cpu": "arm64" }, "sha512-b/CgbwAJpmrRLp02RPfhbudf5tZnN9nsPWK82znefso832etkem8H7FSZwxrOI9djcdTP7U6YfNhbRnh7djErg=="],

    "@rolldown/binding-linux-ppc64-gnu": ["@rolldown/binding-linux-ppc64-gnu@1.0.0-rc.17", "", { "os": "linux", "cpu": "ppc64" }, "sha512-4EII1iNGRUN5WwGbF/kOh/EIkoDN9HsupgLQoXfY+D1oyJm7/F4t5PYU5n8SWZgG0FEwakyM8pGgwcBYruGTlA=="],

    "@rolldown/binding-linux-s390x-gnu": ["@rolldown/binding-linux-s390x-gnu@1.0.0-rc.17", "", { "os": "linux", "cpu": "s390x" }, "sha512-AH8oq3XqQo4IibpVXvPeLDI5pzkpYn0WiZAfT05kFzoJ6tQNzwRdDYQ45M8I/gslbodRZwW8uxLhbSBbkv96rA=="],

    "@rolldown/binding-linux-x64-gnu": ["@rolldown/binding-linux-x64-gnu@1.0.0-rc.17", "", { "os": "linux", "cpu": "x64" }, "sha512-cLnjV3xfo7KslbU41Z7z8BH/E1y5mzUYzAqih1d1MDaIGZRCMqTijqLv76/P7fyHuvUcfGsIpqCdddbxLLK9rA=="],

    "@rolldown/binding-linux-x64-musl": ["@rolldown/binding-linux-x64-musl@1.0.0-rc.17", "", { "os": "linux", "cpu": "x64" }, "sha512-0phclDw1spsL7dUB37sIARuis2tAgomCJXAHZlpt8PXZ4Ba0dRP1e+66lsRqrfhISeN9bEGNjQs+T/Fbd7oYGw=="],

    "@rolldown/binding-openharmony-arm64": ["@rolldown/binding-openharmony-arm64@1.0.0-rc.17", "", { "os": "none", "cpu": "arm64" }, "sha512-0ag/hEgXOwgw4t8QyQvUCxvEg+V0KBcA6YuOx9g0r02MprutRF5dyljgm3EmR02O292UX7UeS6HzWHAl6KgyhA=="],

    "@rolldown/binding-wasm32-wasi": ["@rolldown/binding-wasm32-wasi@1.0.0-rc.17", "", { "dependencies": { "@emnapi/core": "1.10.0", "@emnapi/runtime": "1.10.0", "@napi-rs/wasm-runtime": "^1.1.4" }, "cpu": "none" }, "sha512-LEXei6vo0E5wTGwpkJ4KoT3OZJRnglwldt5ziLzOlc6qqb55z4tWNq2A+PFqCJuvWWdP53CVhG1Z9NtToDPJrA=="],

    "@rolldown/binding-win32-arm64-msvc": ["@rolldown/binding-win32-arm64-msvc@1.0.0-rc.17", "", { "os": "win32", "cpu": "arm64" }, "sha512-gUmyzBl3SPMa6hrqFUth9sVfcLBlYsbMzBx5PlexMroZStgzGqlZ26pYG89rBb45Mnia+oil6YAIFeEWGWhoZA=="],

    "@rolldown/binding-win32-x64-msvc": ["@rolldown/binding-win32-x64-msvc@1.0.0-rc.17", "", { "os": "win32", "cpu": "x64" }, "sha512-3hkiolcUAvPB9FLb3UZdfjVVNWherN1f/skkGWJP/fgSQhYUZpSIRr0/I8ZK9TkF3F7kxvJAk0+IcKvPHk9qQg=="],

    "@rolldown/pluginutils": ["@rolldown/pluginutils@1.0.0-rc.17", "", {}, "sha512-n8iosDOt6Ig1UhJ2AYqoIhHWh/isz0xpicHTzpKBeotdVsTEcxsSA/i3EVM7gQAj0rU27OLAxCjzlj15IWY7bg=="],

    "@serialport/binding-mock": ["@serialport/binding-mock@10.2.2", "", { "dependencies": { "@serialport/bindings-interface": "^1.2.1", "debug": "^4.3.3" } }, "sha512-HAFzGhk9OuFMpuor7aT5G1ChPgn5qSsklTFOTUX72Rl6p0xwcSVsRtG/xaGp6bxpN7fI9D/S8THLBWbBgS6ldw=="],

    "@serialport/bindings-cpp": ["@serialport/bindings-cpp@13.0.0", "", { "dependencies": { "@serialport/bindings-interface": "1.2.2", "@serialport/parser-readline": "12.0.0", "debug": "4.4.0", "node-addon-api": "8.3.0", "node-gyp-build": "4.8.4" } }, "sha512-r25o4Bk/vaO1LyUfY/ulR6hCg/aWiN6Wo2ljVlb4Pj5bqWGcSRC4Vse4a9AcapuAu/FeBzHCbKMvRQeCuKjzIQ=="],

    "@serialport/bindings-interface": ["@serialport/bindings-interface@1.2.2", "", {}, "sha512-CJaUd5bLvtM9c5dmO9rPBHPXTa9R2UwpkJ0wdh9JCYcbrPWsKz+ErvR0hBLeo7NPeiFdjFO4sonRljiw4d2XiA=="],

    "@serialport/parser-byte-length": ["@serialport/parser-byte-length@13.0.0", "", {}, "sha512-32yvqeTAqJzAEtX5zCrN1Mej56GJ5h/cVFsCDPbF9S1ZSC9FWjOqNAgtByseHfFTSTs/4ZBQZZcZBpolt8sUng=="],

    "@serialport/parser-cctalk": ["@serialport/parser-cctalk@13.0.0", "", {}, "sha512-RErAe57g9gvnlieVYGIn1xymb1bzNXb2QtUQd14FpmbQQYlcrmuRnJwKa1BgTCujoCkhtaTtgHlbBWOxm8U2uA=="],

    "@serialport/parser-delimiter": ["@serialport/parser-delimiter@13.0.0", "", {}, "sha512-Qqyb0FX1avs3XabQqNaZSivyVbl/yl0jywImp7ePvfZKLwx7jBZjvL+Hawt9wIG6tfq6zbFM24vzCCK7REMUig=="],

    "@serialport/parser-inter-byte-timeout": ["@serialport/parser-inter-byte-timeout@13.0.0", "", {}, "sha512-a0w0WecTW7bD2YHWrpTz1uyiWA2fDNym0kjmPeNSwZ2XCP+JbirZt31l43m2ey6qXItTYVuQBthm75sPVeHnGA=="],

    "@serialport/parser-packet-length": ["@serialport/parser-packet-length@13.0.0", "", {}, "sha512-60ZDDIqYRi0Xs2SPZUo4Jr5LLIjtb+rvzPKMJCohrO6tAqSDponcNpcB1O4W21mKTxYjqInSz+eMrtk0LLfZIg=="],

    "@serialport/parser-readline": ["@serialport/parser-readline@13.0.0", "", { "dependencies": { "@serialport/parser-delimiter": "13.0.0" } }, "sha512-dov3zYoyf0dt1Sudd1q42VVYQ4WlliF0MYvAMA3MOyiU1IeG4hl0J6buBA2w4gl3DOCC05tGgLDN/3yIL81gsA=="],

    "@serialport/parser-ready": ["@serialport/parser-ready@13.0.0", "", {}, "sha512-JNUQA+y2Rfs4bU+cGYNqOPnNMAcayhhW+XJZihSLQXOHcZsFnOa2F9YtMg9VXRWIcnHldHYtisp62Etjlw24bw=="],

    "@serialport/parser-regex": ["@serialport/parser-regex@13.0.0", "", {}, "sha512-m7HpIf56G5XcuDdA3DB34Z0pJiwxNRakThEHjSa4mG05OnWYv0IG8l2oUyYfuGMowQWaVnQ+8r+brlPxGVH+eA=="],

    "@serialport/parser-slip-encoder": ["@serialport/parser-slip-encoder@13.0.0", "", {}, "sha512-fUHZEExm6izJ7rg0A1yjXwu4sOzeBkPAjDZPfb+XQoqgtKAk+s+HfICiYn7N2QU9gyaeCO8VKgWwi+b/DowYOg=="],

    "@serialport/parser-spacepacket": ["@serialport/parser-spacepacket@13.0.0", "", {}, "sha512-DoXJ3mFYmyD8X/8931agJvrBPxqTaYDsPoly9/cwQSeh/q4EjQND9ySXBxpWz5WcpyCU4jOuusqCSAPsbB30Eg=="],

    "@serialport/stream": ["@serialport/stream@13.0.0", "", { "dependencies": { "@serialport/bindings-interface": "1.2.2", "debug": "4.4.0" } }, "sha512-F7xLJKsjGo2WuEWMSEO1SimRcOA+WtWICsY13r0ahx8s2SecPQH06338g28OT7cW7uRXI7oEQAk62qh5gHJW3g=="],

    "@tybys/wasm-util": ["@tybys/wasm-util@0.10.1", "", { "dependencies": { "tslib": "^2.4.0" } }, "sha512-9tTaPJLSiejZKx+Bmog4uSubteqTvFrVrURwkmHixBo0G4seD0zUxp98E1DzUBJxLQ3NPwXrGKDiVjwx/DpPsg=="],

    "consola": ["consola@3.4.2", "", {}, "sha512-5IKcdX0nnYavi6G7TtOhwkYzyjfJlatbjMjuLSfE2kYT5pMDOilZ4OvMhi637CcDICTmz3wARPoyhqyX1Y+XvA=="],

    "crossws": ["crossws@0.4.5", "", { "peerDependencies": { "srvx": ">=0.11.5" }, "optionalPeers": ["srvx"] }, "sha512-wUR89x/Rw7/8t+vn0CmGDYM9TD6VtARGb0LD5jq2wjtMy1vCP4M+sm6N6TigWeTYvnA8MoW29NqqXD0ep0rfBA=="],

    "db0": ["db0@0.3.4", "", { "peerDependencies": { "@electric-sql/pglite": "*", "@libsql/client": "*", "better-sqlite3": "*", "drizzle-orm": "*", "mysql2": "*", "sqlite3": "*" }, "optionalPeers": ["@electric-sql/pglite", "@libsql/client", "better-sqlite3", "drizzle-orm", "mysql2", "sqlite3"] }, "sha512-RiXXi4WaNzPTHEOu8UPQKMooIbqOEyqA1t7Z6MsdxSCeb8iUC9ko3LcmsLmeUt2SM5bctfArZKkRQggKZz7JNw=="],

    "debug": ["debug@4.4.0", "", { "dependencies": { "ms": "^2.1.3" } }, "sha512-6WTZ/IxCY/T6BALoZHaE4ctp9xm+Z5kY/pzYaCHRFeyVhojxlrm+46y68HA6hr0TcwEssoxNiDEUJQjfPZ/RYA=="],

    "env-runner": ["env-runner@0.1.7", "", { "dependencies": { "crossws": "^0.4.4", "exsolve": "^1.0.8", "httpxy": "^0.5.0", "srvx": "^0.11.13" }, "peerDependencies": { "@netlify/runtime": "^4", "miniflare": "^4.20260317.3" }, "optionalPeers": ["@netlify/runtime", "miniflare"], "bin": { "env-runner": "dist/cli.mjs" } }, "sha512-i7h96jxETJYhXy5grgHNJ9xNzCzWIn9Ck/VkkYgOlE4gOqknsLX3CmlVb5LmwNex8sOoLFVZLz+TIw/+b5rktA=="],

    "exsolve": ["exsolve@1.0.8", "", {}, "sha512-LmDxfWXwcTArk8fUEnOfSZpHOJ6zOMUJKOtFLFqJLoKJetuQG874Uc7/Kki7zFLzYybmZhp1M7+98pfMqeX8yA=="],

    "h3": ["h3@2.0.1-rc.20", "", { "dependencies": { "rou3": "^0.8.1", "srvx": "^0.11.13" }, "peerDependencies": { "crossws": "^0.4.1" }, "optionalPeers": ["crossws"], "bin": { "h3": "bin/h3.mjs" } }, "sha512-28ljodXuUp0fZovdiSRq4G9OgrxCztrJe5VdYzXAB7ueRvI7pIUqLU14Xi3XqdYJ/khXjfpUOOD2EQa6CmBgsg=="],

    "hookable": ["hookable@6.1.1", "", {}, "sha512-U9LYDy1CwhMCnprUfeAZWZGByVbhd54hwepegYTK7Pi5NvqEj63ifz5z+xukznehT7i6NIZRu89Ay1AZmRsLEQ=="],

    "httpxy": ["httpxy@0.5.1", "", {}, "sha512-JPhqYiixe1A1I+MXDewWDZqeudBGU8Q9jCHYN8ML+779RQzLjTi78HBvWz4jMxUD6h2/vUL12g4q/mFM0OUw1A=="],

    "ms": ["ms@2.1.3", "", {}, "sha512-6FlzubTLZG3J2a/NVCAleEhjzq5oxgHyaCU9yYXvcLsvoVaHJq/s5xXI6/XXP6tz7R9xAOtHnSO/tXtF3WRTlA=="],

    "nf3": ["nf3@0.3.16", "", {}, "sha512-Gs0xRPpUm2nDkqbi40NJ9g7qDIcjcJzgExiydnq6LAyqhI2jfno8wG3NKTL+IiJsx799UHOb1CnSd4Wg4SG4Pw=="],

    "nitro": ["nitro@3.0.260415-beta", "", { "dependencies": { "consola": "^3.4.2", "crossws": "^0.4.5", "db0": "^0.3.4", "env-runner": "^0.1.7", "h3": "^2.0.1-rc.20", "hookable": "^6.1.1", "nf3": "^0.3.16", "ocache": "^0.1.4", "ofetch": "^2.0.0-alpha.3", "ohash": "^2.0.11", "rolldown": "^1.0.0-rc.15", "srvx": "^0.11.15", "unenv": "^2.0.0-rc.24", "unstorage": "^2.0.0-alpha.7" }, "peerDependencies": { "@vercel/queue": "^0.1.4", "dotenv": "*", "giget": "*", "jiti": "^2.6.1", "rollup": "^4.60.1", "vite": "^7 || ^8", "xml2js": "^0.6.2", "zephyr-agent": "^0.2.0" }, "optionalPeers": ["@vercel/queue", "dotenv", "giget", "jiti", "rollup", "vite", "xml2js", "zephyr-agent"], "bin": { "nitro": "dist/cli/index.mjs" } }, "sha512-J0ntJERWtIdvweZdmkCiF8eOFvP9fIAJR2gpeIDrHbAlYavK41WQfADo/YoZ/LF7RMTZBiPaH/pt2s/nPru9Iw=="],

    "node-addon-api": ["node-addon-api@8.3.0", "", {}, "sha512-8VOpLHFrOQlAH+qA0ZzuGRlALRA6/LVh8QJldbrC4DY0hXoMP0l4Acq8TzFC018HztWiRqyCEj2aTWY2UvnJUg=="],

    "node-gyp-build": ["node-gyp-build@4.8.4", "", { "bin": { "node-gyp-build": "bin.js", "node-gyp-build-optional": "optional.js", "node-gyp-build-test": "build-test.js" } }, "sha512-LA4ZjwlnUblHVgq0oBF3Jl/6h/Nvs5fzBLwdEF4nuxnFdsfajde4WfxtJr3CaiH+F6ewcIB/q4jQ4UzPyid+CQ=="],

    "ocache": ["ocache@0.1.4", "", { "dependencies": { "ohash": "^2.0.11" } }, "sha512-e7geNdWjxSnvsSgvLuPvgKgu7ubM10ZmTPOgpr7mz2BXYtvjMKTiLhjFi/gWU8chkuP6hNkZBsa9LzOusyaqkQ=="],

    "ofetch": ["ofetch@2.0.0-alpha.3", "", {}, "sha512-zpYTCs2byOuft65vI3z43Dd6iSdFbOZZLb9/d21aCpx2rGastVU9dOCv0lu4ykc1Ur1anAYjDi3SUvR0vq50JA=="],

    "ohash": ["ohash@2.0.11", "", {}, "sha512-RdR9FQrFwNBNXAr4GixM8YaRZRJ5PUWbKYbE5eOsrwAjJW0q2REGcf79oYPsLyskQCZG1PLN+S/K1V00joZAoQ=="],

    "pathe": ["pathe@2.0.3", "", {}, "sha512-WUjGcAqP1gQacoQe+OBJsFA7Ld4DyXuUIjZ5cc75cLHvJ7dtNsTugphxIADwspS+AraAUePCKrSVtPLFj/F88w=="],

    "rolldown": ["rolldown@1.0.0-rc.17", "", { "dependencies": { "@oxc-project/types": "=0.127.0", "@rolldown/pluginutils": "1.0.0-rc.17" }, "optionalDependencies": { "@rolldown/binding-android-arm64": "1.0.0-rc.17", "@rolldown/binding-darwin-arm64": "1.0.0-rc.17", "@rolldown/binding-darwin-x64": "1.0.0-rc.17", "@rolldown/binding-freebsd-x64": "1.0.0-rc.17", "@rolldown/binding-linux-arm-gnueabihf": "1.0.0-rc.17", "@rolldown/binding-linux-arm64-gnu": "1.0.0-rc.17", "@rolldown/binding-linux-arm64-musl": "1.0.0-rc.17", "@rolldown/binding-linux-ppc64-gnu": "1.0.0-rc.17", "@rolldown/binding-linux-s390x-gnu": "1.0.0-rc.17", "@rolldown/binding-linux-x64-gnu": "1.0.0-rc.17", "@rolldown/binding-linux-x64-musl": "1.0.0-rc.17", "@rolldown/binding-openharmony-arm64": "1.0.0-rc.17", "@rolldown/binding-wasm32-wasi": "1.0.0-rc.17", "@rolldown/binding-win32-arm64-msvc": "1.0.0-rc.17", "@rolldown/binding-win32-x64-msvc": "1.0.0-rc.17" }, "bin": { "rolldown": "bin/cli.mjs" } }, "sha512-ZrT53oAKrtA4+YtBWPQbtPOxIbVDbxT0orcYERKd63VJTF13zPcgXTvD4843L8pcsI7M6MErt8QtON6lrB9tyA=="],

    "rou3": ["rou3@0.8.1", "", {}, "sha512-ePa+XGk00/3HuCqrEnK3LxJW7I0SdNg6EFzKUJG73hMAdDcOUC/i/aSz7LSDwLrGr33kal/rqOGydzwl6U7zBA=="],

    "serialport": ["serialport@13.0.0", "", { "dependencies": { "@serialport/binding-mock": "10.2.2", "@serialport/bindings-cpp": "13.0.0", "@serialport/parser-byte-length": "13.0.0", "@serialport/parser-cctalk": "13.0.0", "@serialport/parser-delimiter": "13.0.0", "@serialport/parser-inter-byte-timeout": "13.0.0", "@serialport/parser-packet-length": "13.0.0", "@serialport/parser-readline": "13.0.0", "@serialport/parser-ready": "13.0.0", "@serialport/parser-regex": "13.0.0", "@serialport/parser-slip-encoder": "13.0.0", "@serialport/parser-spacepacket": "13.0.0", "@serialport/stream": "13.0.0", "debug": "4.4.0" } }, "sha512-PHpnTd8isMGPfFTZNCzOZp9m4mAJSNWle9Jxu6BPTcWq7YXl5qN7tp8Sgn0h+WIGcD6JFz5QDgixC2s4VW7vzg=="],

    "srvx": ["srvx@0.11.15", "", { "bin": { "srvx": "bin/srvx.mjs" } }, "sha512-iXsux0UcOjdvs0LCMa2Ws3WwcDUozA3JN3BquNXkaFPP7TpRqgunKdEgoZ/uwb1J6xaYHfxtz9Twlh6yzwM6Tg=="],

    "tslib": ["tslib@2.8.1", "", {}, "sha512-oJFu94HQb+KVduSUQL7wnpmqnfmLsOA/nAh6b6EH0wCEoK0/mPeXU6c3wKDV83MkOuHPRHtSXKKU99IBazS/2w=="],

    "unenv": ["unenv@2.0.0-rc.24", "", { "dependencies": { "pathe": "^2.0.3" } }, "sha512-i7qRCmY42zmCwnYlh9H2SvLEypEFGye5iRmEMKjcGi7zk9UquigRjFtTLz0TYqr0ZGLZhaMHl/foy1bZR+Cwlw=="],

    "unstorage": ["unstorage@2.0.0-alpha.7", "", { "peerDependencies": { "@azure/app-configuration": "^1.11.0", "@azure/cosmos": "^4.9.1", "@azure/data-tables": "^13.3.2", "@azure/identity": "^4.13.0", "@azure/keyvault-secrets": "^4.10.0", "@azure/storage-blob": "^12.31.0", "@capacitor/preferences": "^6 || ^7 || ^8", "@deno/kv": ">=0.13.0", "@netlify/blobs": "^6.5.0 || ^7.0.0 || ^8.1.0 || ^9.0.0 || ^10.0.0", "@planetscale/database": "^1.19.0", "@upstash/redis": "^1.36.2", "@vercel/blob": ">=0.27.3", "@vercel/functions": "^2.2.12 || ^3.0.0", "@vercel/kv": "^1.0.1", "aws4fetch": "^1.0.20", "chokidar": "^4 || ^5", "db0": ">=0.3.4", "idb-keyval": "^6.2.2", "ioredis": "^5.9.3", "lru-cache": "^11.2.6", "mongodb": "^6 || ^7", "ofetch": "*", "uploadthing": "^7.7.4" }, "optionalPeers": ["@azure/app-configuration", "@azure/cosmos", "@azure/data-tables", "@azure/identity", "@azure/keyvault-secrets", "@azure/storage-blob", "@capacitor/preferences", "@deno/kv", "@netlify/blobs", "@planetscale/database", "@upstash/redis", "@vercel/blob", "@vercel/functions", "@vercel/kv", "aws4fetch", "chokidar", "db0", "idb-keyval", "ioredis", "lru-cache", "mongodb", "ofetch", "uploadthing"] }, "sha512-ELPztchk2zgFJnakyodVY3vJWGW9jy//keJ32IOJVGUMyaPydwcA1FtVvWqT0TNRch9H+cMNEGllfVFfScImog=="],

    "@serialport/bindings-cpp/@serialport/parser-readline": ["@serialport/parser-readline@12.0.0", "", { "dependencies": { "@serialport/parser-delimiter": "12.0.0" } }, "sha512-O7cywCWC8PiOMvo/gglEBfAkLjp/SENEML46BXDykfKP5mTPM46XMaX1L0waWU6DXJpBgjaL7+yX6VriVPbN4w=="],

    "@serialport/bindings-cpp/@serialport/parser-readline/@serialport/parser-delimiter": ["@serialport/parser-delimiter@12.0.0", "", {}, "sha512-gu26tVt5lQoybhorLTPsH2j2LnX3AOP2x/34+DUSTNaUTzu2fBXw+isVjQJpUBFWu6aeQRZw5bJol5X9Gxjblw=="],
  }
}
